
Microsoft Visual Studio Solution File, Format Version 12.00
# Visual Studio Version 16
VisualStudioVersion = 16.0.30413.136
MinimumVisualStudioVersion = 10.0.40219.1
Project("{FAE04EC0-301F-11D3-BF4B-00C04F79EFBC}") = "Week2", "Week2.csproj", "{ABB0444F-CC3C-4AF0-9448-45499FF8B07B}"
EndProject
Global
	GlobalSection(SolutionConfigurationPlatforms) = preSolution
		Debug|Any CPU = Debug|Any CPU
		Release|Any CPU = Release|Any CPU
	EndGlobalSection
	GlobalSection(ProjectConfigurationPlatforms) = postSolution
		{ABB0444F-CC3C-4AF0-9448-45499FF8B07B}.Debug|Any CPU.ActiveCfg = Debug|Any CPU
		{ABB0444F-CC3C-4AF0-9448-45499FF8B07B}.Debug|Any CPU.Build.0 = Debug|Any CPU
		{ABB0444F-CC3C-4AF0-9448-45499FF8B07B}.Release|Any CPU.ActiveCfg = Release|Any CPU
		{ABB0444F-CC3C-4AF0-9448-45499FF8B07B}.Release|Any CPU.Build.0 = Release|Any CPU
	EndGlobalSection
	GlobalSection(SolutionProperties) = preSolution
		HideSolutionNode = FALSE
	EndGlobalSection
	GlobalSection(ExtensibilityGlobals) = postSolution
		SolutionGuid = {7D9E51F2-D311-4F2B-BD0D-22A588816FA8}
	EndGlobalSection
EndGlobal
