
Microsoft Visual Studio Solution File, Format Version 12.00
# Visual Studio Version 16
VisualStudioVersion = 16.0.30413.136
MinimumVisualStudioVersion = 10.0.40219.1
Project("{FAE04EC0-301F-11D3-BF4B-00C04F79EFBC}") = "Exam1", "Exam1.csproj", "{9E9F722B-B99A-424E-8957-030D9803122C}"
EndProject
Global
	GlobalSection(SolutionConfigurationPlatforms) = preSolution
		Debug|Any CPU = Debug|Any CPU
		Release|Any CPU = Release|Any CPU
	EndGlobalSection
	GlobalSection(ProjectConfigurationPlatforms) = postSolution
		{9E9F722B-B99A-424E-8957-030D9803122C}.Debug|Any CPU.ActiveCfg = Debug|Any CPU
		{9E9F722B-B99A-424E-8957-030D9803122C}.Debug|Any CPU.Build.0 = Debug|Any CPU
		{9E9F722B-B99A-424E-8957-030D9803122C}.Release|Any CPU.ActiveCfg = Release|Any CPU
		{9E9F722B-B99A-424E-8957-030D9803122C}.Release|Any CPU.Build.0 = Release|Any CPU
	EndGlobalSection
	GlobalSection(SolutionProperties) = preSolution
		HideSolutionNode = FALSE
	EndGlobalSection
	GlobalSection(ExtensibilityGlobals) = postSolution
		SolutionGuid = {18E247A5-8BE9-4C88-AF68-CBD93F0AEDE3}
	EndGlobalSection
EndGlobal
