
Microsoft Visual Studio Solution File, Format Version 12.00
# Visual Studio Version 16
VisualStudioVersion = 16.0.30413.136
MinimumVisualStudioVersion = 10.0.40219.1
Project("{FAE04EC0-301F-11D3-BF4B-00C04F79EFBC}") = "ArraysEnrollment", "ArraysEnrollment.csproj", "{7C484B7D-5461-4728-970B-474BCDD4E97F}"
EndProject
Global
	GlobalSection(SolutionConfigurationPlatforms) = preSolution
		Debug|Any CPU = Debug|Any CPU
		Release|Any CPU = Release|Any CPU
	EndGlobalSection
	GlobalSection(ProjectConfigurationPlatforms) = postSolution
		{7C484B7D-5461-4728-970B-474BCDD4E97F}.Debug|Any CPU.ActiveCfg = Debug|Any CPU
		{7C484B7D-5461-4728-970B-474BCDD4E97F}.Debug|Any CPU.Build.0 = Debug|Any CPU
		{7C484B7D-5461-4728-970B-474BCDD4E97F}.Release|Any CPU.ActiveCfg = Release|Any CPU
		{7C484B7D-5461-4728-970B-474BCDD4E97F}.Release|Any CPU.Build.0 = Release|Any CPU
	EndGlobalSection
	GlobalSection(SolutionProperties) = preSolution
		HideSolutionNode = FALSE
	EndGlobalSection
	GlobalSection(ExtensibilityGlobals) = postSolution
		SolutionGuid = {58FCB48B-8A6E-4D69-86CD-EDD31CC2B754}
	EndGlobalSection
EndGlobal
